
Microsoft Visual Studio Solution File, Format Version 12.00
# Visual Studio 15
Project("{FAE04EC0-301F-11D3-BF4B-00C04F79EFBC}") = "webchat", "webchat\webchat.csproj", "{86FFA3A4-97AC-4800-B32D-E817D1A8271D}"
EndProject
Project("{2150E333-8FDC-42A3-9474-1A3956D46DE8}") = "Solution Items", "Solution Items", "{C810D4EF-52D3-4B2C-ABC4-3B64C534DE91}"
	ProjectSection(SolutionItems) = preProject
		build = build
		run = run
		webchat.sln = webchat.sln
	EndProjectSection
EndProject
Global
	GlobalSection(SolutionConfigurationPlatforms) = preSolution
		Debug|x86 = Debug|x86
		Release|x86 = Release|x86
	EndGlobalSection
	GlobalSection(ProjectConfigurationPlatforms) = postSolution
		{86FFA3A4-97AC-4800-B32D-E817D1A8271D}.Debug|x86.ActiveCfg = Debug|x86
		{86FFA3A4-97AC-4800-B32D-E817D1A8271D}.Debug|x86.Build.0 = Debug|x86
		{86FFA3A4-97AC-4800-B32D-E817D1A8271D}.Release|x86.ActiveCfg = Release|x86
		{86FFA3A4-97AC-4800-B32D-E817D1A8271D}.Release|x86.Build.0 = Release|x86
	EndGlobalSection
EndGlobal
